// !$*UTF8*$!
{
	archiveVersion = 1;
	classes = {
	};
	objectVersion = 56;
	objects = {

/* Begin PBXBuildFile section */
		2585D7492C722E4E0081DF08 /* slack_appApp.swift in Sources */ = {isa = PBXBuildFile; fileRef = 2585D7482C722E4E0081DF08 /* slack_appApp.swift */; };
		2585D74B2C722E4E0081DF08 /* ContentView.swift in Sources */ = {isa = PBXBuildFile; fileRef = 2585D74A2C722E4E0081DF08 /* ContentView.swift */; };
		2585D74D2C722E4F0081DF08 /* Assets.xcassets in Resources */ = {isa = PBXBuildFile; fileRef = 2585D74C2C722E4F0081DF08 /* Assets.xcassets */; };
		2585D7502C722E4F0081DF08 /* Preview Assets.xcassets in Resources */ = {isa = PBXBuildFile; fileRef = 2585D74F2C722E4F0081DF08 /* Preview Assets.xcassets */; };
		2585D75A2C722E4F0081DF08 /* slack_appTests.swift in Sources */ = {isa = PBXBuildFile; fileRef = 2585D7592C722E4F0081DF08 /* slack_appTests.swift */; };
		2585D7642C722E4F0081DF08 /* slack_appUITests.swift in Sources */ = {isa = PBXBuildFile; fileRef = 2585D7632C722E4F0081DF08 /* slack_appUITests.swift */; };
		2585D7662C722E4F0081DF08 /* slack_appUITestsLaunchTests.swift in Sources */ = {isa = PBXBuildFile; fileRef = 2585D7652C722E4F0081DF08 /* slack_appUITestsLaunchTests.swift */; };
		2585D7732C7232040081DF08 /* SlackAPIService.swift in Sources */ = {isa = PBXBuildFile; fileRef = 2585D7722C7232040081DF08 /* SlackAPIService.swift */; };
		C11E90924AA5640EA7E44BB3 /* Pods_slack_app.framework in Frameworks */ = {isa = PBXBuildFile; fileRef = BEEDA9178247731CB4E6F59B /* Pods_slack_app.framework */; };
/* End PBXBuildFile section */

/* Begin PBXContainerItemProxy section */
		2585D7562C722E4F0081DF08 /* PBXContainerItemProxy */ = {
			isa = PBXContainerItemProxy;
			containerPortal = 2585D73D2C722E4E0081DF08 /* Project object */;
			proxyType = 1;
			remoteGlobalIDString = 2585D7442C722E4E0081DF08;
			remoteInfo = "slack-app";
		};
		2585D7602C722E4F0081DF08 /* PBXContainerItemProxy */ = {
			isa = PBXContainerItemProxy;
			containerPortal = 2585D73D2C722E4E0081DF08 /* Project object */;
			proxyType = 1;
			remoteGlobalIDString = 2585D7442C722E4E0081DF08;
			remoteInfo = "slack-app";
		};
/* End PBXContainerItemProxy section */

/* Begin PBXFileReference section */
		2585D7452C722E4E0081DF08 /* slack-app.app */ = {isa = PBXFileReference; explicitFileType = wrapper.application; includeInIndex = 0; path = "slack-app.app"; sourceTree = BUILT_PRODUCTS_DIR; };
		2585D7482C722E4E0081DF08 /* slack_appApp.swift */ = {isa = PBXFileReference; lastKnownFileType = sourcecode.swift; path = slack_appApp.swift; sourceTree = "<group>"; };
		2585D74A2C722E4E0081DF08 /* ContentView.swift */ = {isa = PBXFileReference; lastKnownFileType = sourcecode.swift; path = ContentView.swift; sourceTree = "<group>"; };
		2585D74C2C722E4F0081DF08 /* Assets.xcassets */ = {isa = PBXFileReference; lastKnownFileType = folder.assetcatalog; path = Assets.xcassets; sourceTree = "<group>"; };
		2585D74F2C722E4F0081DF08 /* Preview Assets.xcassets */ = {isa = PBXFileReference; lastKnownFileType = folder.assetcatalog; path = "Preview Assets.xcassets"; sourceTree = "<group>"; };
		2585D7552C722E4F0081DF08 /* slack-appTests.xctest */ = {isa = PBXFileReference; explicitFileType = wrapper.cfbundle; includeInIndex = 0; path = "slack-appTests.xctest"; sourceTree = BUILT_PRODUCTS_DIR; };
		2585D7592C722E4F0081DF08 /* slack_appTests.swift */ = {isa = PBXFileReference; lastKnownFileType = sourcecode.swift; path = slack_appTests.swift; sourceTree = "<group>"; };
		2585D75F2C722E4F0081DF08 /* slack-appUITests.xctest */ = {isa = PBXFileReference; explicitFileType = wrapper.cfbundle; includeInIndex = 0; path = "slack-appUITests.xctest"; sourceTree = BUILT_PRODUCTS_DIR; };
		2585D7632C722E4F0081DF08 /* slack_appUITests.swift */ = {isa = PBXFileReference; lastKnownFileType = sourcecode.swift; path = slack_appUITests.swift; sourceTree = "<group>"; };
		2585D7652C722E4F0081DF08 /* slack_appUITestsLaunchTests.swift */ = {isa = PBXFileReference; lastKnownFileType = sourcecode.swift; path = slack_appUITestsLaunchTests.swift; sourceTree = "<group>"; };
		2585D7722C7232040081DF08 /* SlackAPIService.swift */ = {isa = PBXFileReference; fileEncoding = 4; lastKnownFileType = sourcecode.swift; path = SlackAPIService.swift; sourceTree = "<group>"; };
		904C68AB6DF763D3CDA6AC6D /* Pods-slack-app.release.xcconfig */ = {isa = PBXFileReference; includeInIndex = 1; lastKnownFileType = text.xcconfig; name = "Pods-slack-app.release.xcconfig"; path = "Target Support Files/Pods-slack-app/Pods-slack-app.release.xcconfig"; sourceTree = "<group>"; };
		BEEDA9178247731CB4E6F59B /* Pods_slack_app.framework */ = {isa = PBXFileReference; explicitFileType = wrapper.framework; includeInIndex = 0; path = Pods_slack_app.framework; sourceTree = BUILT_PRODUCTS_DIR; };
		FD209417FF1BDFFF6C69ED74 /* Pods-slack-app.debug.xcconfig */ = {isa = PBXFileReference; includeInIndex = 1; lastKnownFileType = text.xcconfig; name = "Pods-slack-app.debug.xcconfig"; path = "Target Support Files/Pods-slack-app/Pods-slack-app.debug.xcconfig"; sourceTree = "<group>"; };
/* End PBXFileReference section */

/* Begin PBXFrameworksBuildPhase section */
		2585D7422C722E4E0081DF08 /* Frameworks */ = {
			isa = PBXFrameworksBuildPhase;
			buildActionMask = 2147483647;
			files = (
				C11E90924AA5640EA7E44BB3 /* Pods_slack_app.framework in Frameworks */,
			);
			runOnlyForDeploymentPostprocessing = 0;
		};
		2585D7522C722E4F0081DF08 /* Frameworks */ = {
			isa = PBXFrameworksBuildPhase;
			buildActionMask = 2147483647;
			files = (
			);
			runOnlyForDeploymentPostprocessing = 0;
		};
		2585D75C2C722E4F0081DF08 /* Frameworks */ = {
			isa = PBXFrameworksBuildPhase;
			buildActionMask = 2147483647;
			files = (
			);
			runOnlyForDeploymentPostprocessing = 0;
		};
/* End PBXFrameworksBuildPhase section */

/* Begin PBXGroup section */
		2585D73C2C722E4E0081DF08 = {
			isa = PBXGroup;
			children = (
				2585D7472C722E4E0081DF08 /* slack-app */,
				2585D7582C722E4F0081DF08 /* slack-appTests */,
				2585D7622C722E4F0081DF08 /* slack-appUITests */,
				2585D7462C722E4E0081DF08 /* Products */,
				EDA30C5B9A3FE5AE24767ABB /* Pods */,
				F90A2706753518CDD479787F /* Frameworks */,
			);
			sourceTree = "<group>";
		};
		2585D7462C722E4E0081DF08 /* Products */ = {
			isa = PBXGroup;
			children = (
				2585D7452C722E4E0081DF08 /* slack-app.app */,
				2585D7552C722E4F0081DF08 /* slack-appTests.xctest */,
				2585D75F2C722E4F0081DF08 /* slack-appUITests.xctest */,
			);
			name = Products;
			sourceTree = "<group>";
		};
		2585D7472C722E4E0081DF08 /* slack-app */ = {
			isa = PBXGroup;
			children = (
				2585D7722C7232040081DF08 /* SlackAPIService.swift */,
				2585D7482C722E4E0081DF08 /* slack_appApp.swift */,
				2585D74A2C722E4E0081DF08 /* ContentView.swift */,
				2585D74C2C722E4F0081DF08 /* Assets.xcassets */,
				2585D74E2C722E4F0081DF08 /* Preview Content */,
			);
			path = "slack-app";
			sourceTree = "<group>";
		};
		2585D74E2C722E4F0081DF08 /* Preview Content */ = {
			isa = PBXGroup;
			children = (
				2585D74F2C722E4F0081DF08 /* Preview Assets.xcassets */,
			);
			path = "Preview Content";
			sourceTree = "<group>";
		};
		2585D7582C722E4F0081DF08 /* slack-appTests */ = {
			isa = PBXGroup;
			children = (
				2585D7592C722E4F0081DF08 /* slack_appTests.swift */,
			);
			path = "slack-appTests";
			sourceTree = "<group>";
		};
		2585D7622C722E4F0081DF08 /* slack-appUITests */ = {
			isa = PBXGroup;
			children = (
				2585D7632C722E4F0081DF08 /* slack_appUITests.swift */,
				2585D7652C722E4F0081DF08 /* slack_appUITestsLaunchTests.swift */,
			);
			path = "slack-appUITests";
			sourceTree = "<group>";
		};
		EDA30C5B9A3FE5AE24767ABB /* Pods */ = {
			isa = PBXGroup;
			children = (
				FD209417FF1BDFFF6C69ED74 /* Pods-slack-app.debug.xcconfig */,
				904C68AB6DF763D3CDA6AC6D /* Pods-slack-app.release.xcconfig */,
			);
			path = Pods;
			sourceTree = "<group>";
		};
		F90A2706753518CDD479787F /* Frameworks */ = {
			isa = PBXGroup;
			children = (
				BEEDA9178247731CB4E6F59B /* Pods_slack_app.framework */,
			);
			name = Frameworks;
			sourceTree = "<group>";
		};
/* End PBXGroup section */

/* Begin PBXNativeTarget section */
		2585D7442C722E4E0081DF08 /* slack-app */ = {
			isa = PBXNativeTarget;
			buildConfigurationList = 2585D7692C722E4F0081DF08 /* Build configuration list for PBXNativeTarget "slack-app" */;
			buildPhases = (
				BFA7E77A49DBC9D6953E1E65 /* [CP] Check Pods Manifest.lock */,
				2585D7412C722E4E0081DF08 /* Sources */,
				2585D7422C722E4E0081DF08 /* Frameworks */,
				2585D7432C722E4E0081DF08 /* Resources */,
				854C6AF6076D63A515F30E09 /* [CP] Embed Pods Frameworks */,
			);
			buildRules = (
			);
			dependencies = (
			);
			name = "slack-app";
			productName = "slack-app";
			productReference = 2585D7452C722E4E0081DF08 /* slack-app.app */;
			productType = "com.apple.product-type.application";
		};
		2585D7542C722E4F0081DF08 /* slack-appTests */ = {
			isa = PBXNativeTarget;
			buildConfigurationList = 2585D76C2C722E4F0081DF08 /* Build configuration list for PBXNativeTarget "slack-appTests" */;
			buildPhases = (
				2585D7512C722E4F0081DF08 /* Sources */,
				2585D7522C722E4F0081DF08 /* Frameworks */,
				2585D7532C722E4F0081DF08 /* Resources */,
			);
			buildRules = (
			);
			dependencies = (
				2585D7572C722E4F0081DF08 /* PBXTargetDependency */,
			);
			name = "slack-appTests";
			productName = "slack-appTests";
			productReference = 2585D7552C722E4F0081DF08 /* slack-appTests.xctest */;
			productType = "com.apple.product-type.bundle.unit-test";
		};
		2585D75E2C722E4F0081DF08 /* slack-appUITests */ = {
			isa = PBXNativeTarget;
			buildConfigurationList = 2585D76F2C722E4F0081DF08 /* Build configuration list for PBXNativeTarget "slack-appUITests" */;
			buildPhases = (
				2585D75B2C722E4F0081DF08 /* Sources */,
				2585D75C2C722E4F0081DF08 /* Frameworks */,
				2585D75D2C722E4F0081DF08 /* Resources */,
			);
			buildRules = (
			);
			dependencies = (
				2585D7612C722E4F0081DF08 /* PBXTargetDependency */,
			);
			name = "slack-appUITests";
			productName = "slack-appUITests";
			productReference = 2585D75F2C722E4F0081DF08 /* slack-appUITests.xctest */;
			productType = "com.apple.product-type.bundle.ui-testing";
		};
/* End PBXNativeTarget section */

/* Begin PBXProject section */
		2585D73D2C722E4E0081DF08 /* Project object */ = {
			isa = PBXProject;
			attributes = {
				BuildIndependentTargetsInParallel = 1;
				LastSwiftUpdateCheck = 1540;
				LastUpgradeCheck = 1540;
				TargetAttributes = {
					2585D7442C722E4E0081DF08 = {
						CreatedOnToolsVersion = 15.4;
					};
					2585D7542C722E4F0081DF08 = {
						CreatedOnToolsVersion = 15.4;
						TestTargetID = 2585D7442C722E4E0081DF08;
					};
					2585D75E2C722E4F0081DF08 = {
						CreatedOnToolsVersion = 15.4;
						TestTargetID = 2585D7442C722E4E0081DF08;
					};
				};
			};
			buildConfigurationList = 2585D7402C722E4E0081DF08 /* Build configuration list for PBXProject "slack-app" */;
			compatibilityVersion = "Xcode 14.0";
			developmentRegion = en;
			hasScannedForEncodings = 0;
			knownRegions = (
				en,
				Base,
			);
			mainGroup = 2585D73C2C722E4E0081DF08;
			productRefGroup = 2585D7462C722E4E0081DF08 /* Products */;
			projectDirPath = "";
			projectRoot = "";
			targets = (
				2585D7442C722E4E0081DF08 /* slack-app */,
				2585D7542C722E4F0081DF08 /* slack-appTests */,
				2585D75E2C722E4F0081DF08 /* slack-appUITests */,
			);
		};
/* End PBXProject section */

/* Begin PBXResourcesBuildPhase section */
		2585D7432C722E4E0081DF08 /* Resources */ = {
			isa = PBXResourcesBuildPhase;
			buildActionMask = 2147483647;
			files = (
				2585D7502C722E4F0081DF08 /* Preview Assets.xcassets in Resources */,
				2585D74D2C722E4F0081DF08 /* Assets.xcassets in Resources */,
			);
			runOnlyForDeploymentPostprocessing = 0;
		};
		2585D7532C722E4F0081DF08 /* Resources */ = {
			isa = PBXResourcesBuildPhase;
			buildActionMask = 2147483647;
			files = (
			);
			runOnlyForDeploymentPostprocessing = 0;
		};
		2585D75D2C722E4F0081DF08 /* Resources */ = {
			isa = PBXResourcesBuildPhase;
			buildActionMask = 2147483647;
			files = (
			);
			runOnlyForDeploymentPostprocessing = 0;
		};
/* End PBXResourcesBuildPhase section */

/* Begin PBXShellScriptBuildPhase section */
		854C6AF6076D63A515F30E09 /* [CP] Embed Pods Frameworks */ = {
			isa = PBXShellScriptBuildPhase;
			buildActionMask = 2147483647;
			files = (
			);
			inputFileListPaths = (
				"${PODS_ROOT}/Target Support Files/Pods-slack-app/Pods-slack-app-frameworks-${CONFIGURATION}-input-files.xcfilelist",
			);
			name = "[CP] Embed Pods Frameworks";
			outputFileListPaths = (
				"${PODS_ROOT}/Target Support Files/Pods-slack-app/Pods-slack-app-frameworks-${CONFIGURATION}-output-files.xcfilelist",
			);
			runOnlyForDeploymentPostprocessing = 0;
			shellPath = /bin/sh;
			shellScript = "\"${PODS_ROOT}/Target Support Files/Pods-slack-app/Pods-slack-app-frameworks.sh\"\n";
			showEnvVarsInLog = 0;
		};
		BFA7E77A49DBC9D6953E1E65 /* [CP] Check Pods Manifest.lock */ = {
			isa = PBXShellScriptBuildPhase;
			buildActionMask = 2147483647;
			files = (
			);
			inputFileListPaths = (
			);
			inputPaths = (
				"${PODS_PODFILE_DIR_PATH}/Podfile.lock",
				"${PODS_ROOT}/Manifest.lock",
			);
			name = "[CP] Check Pods Manifest.lock";
			outputFileListPaths = (
			);
			outputPaths = (
				"$(DERIVED_FILE_DIR)/Pods-slack-app-checkManifestLockResult.txt",
			);
			runOnlyForDeploymentPostprocessing = 0;
			shellPath = /bin/sh;
			shellScript = "diff \"${PODS_PODFILE_DIR_PATH}/Podfile.lock\" \"${PODS_ROOT}/Manifest.lock\" > /dev/null\nif [ $? != 0 ] ; then\n    # print error to STDERR\n    echo \"error: The sandbox is not in sync with the Podfile.lock. Run 'pod install' or update your CocoaPods installation.\" >&2\n    exit 1\nfi\n# This output is used by Xcode 'outputs' to avoid re-running this script phase.\necho \"SUCCESS\" > \"${SCRIPT_OUTPUT_FILE_0}\"\n";
			showEnvVarsInLog = 0;
		};
/* End PBXShellScriptBuildPhase section */

/* Begin PBXSourcesBuildPhase section */
		2585D7412C722E4E0081DF08 /* Sources */ = {
			isa = PBXSourcesBuildPhase;
			buildActionMask = 2147483647;
			files = (
				2585D74B2C722E4E0081DF08 /* ContentView.swift in Sources */,
				2585D7492C722E4E0081DF08 /* slack_appApp.swift in Sources */,
				2585D7732C7232040081DF08 /* SlackAPIService.swift in Sources */,
			);
			runOnlyForDeploymentPostprocessing = 0;
		};
		2585D7512C722E4F0081DF08 /* Sources */ = {
			isa = PBXSourcesBuildPhase;
			buildActionMask = 2147483647;
			files = (
				2585D75A2C722E4F0081DF08 /* slack_appTests.swift in Sources */,
			);
			runOnlyForDeploymentPostprocessing = 0;
		};
		2585D75B2C722E4F0081DF08 /* Sources */ = {
			isa = PBXSourcesBuildPhase;
			buildActionMask = 2147483647;
			files = (
				2585D7642C722E4F0081DF08 /* slack_appUITests.swift in Sources */,
				2585D7662C722E4F0081DF08 /* slack_appUITestsLaunchTests.swift in Sources */,
			);
			runOnlyForDeploymentPostprocessing = 0;
		};
/* End PBXSourcesBuildPhase section */

/* Begin PBXTargetDependency section */
		2585D7572C722E4F0081DF08 /* PBXTargetDependency */ = {
			isa = PBXTargetDependency;
			target = 2585D7442C722E4E0081DF08 /* slack-app */;
			targetProxy = 2585D7562C722E4F0081DF08 /* PBXContainerItemProxy */;
		};
		2585D7612C722E4F0081DF08 /* PBXTargetDependency */ = {
			isa = PBXTargetDependency;
			target = 2585D7442C722E4E0081DF08 /* slack-app */;
			targetProxy = 2585D7602C722E4F0081DF08 /* PBXContainerItemProxy */;
		};
/* End PBXTargetDependency section */

/* Begin XCBuildConfiguration section */
		2585D7672C722E4F0081DF08 /* Debug */ = {
			isa = XCBuildConfiguration;
			buildSettings = {
				ALWAYS_SEARCH_USER_PATHS = NO;
				ASSETCATALOG_COMPILER_GENERATE_SWIFT_ASSET_SYMBOL_EXTENSIONS = YES;
				CLANG_ANALYZER_NONNULL = YES;
				CLANG_ANALYZER_NUMBER_OBJECT_CONVERSION = YES_AGGRESSIVE;
				CLANG_CXX_LANGUAGE_STANDARD = "gnu++20";
				CLANG_ENABLE_MODULES = YES;
				CLANG_ENABLE_OBJC_ARC = YES;
				CLANG_ENABLE_OBJC_WEAK = YES;
				CLANG_WARN_BLOCK_CAPTURE_AUTORELEASING = YES;
				CLANG_WARN_BOOL_CONVERSION = YES;
				CLANG_WARN_COMMA = YES;
				CLANG_WARN_CONSTANT_CONVERSION = YES;
				CLANG_WARN_DEPRECATED_OBJC_IMPLEMENTATIONS = YES;
				CLANG_WARN_DIRECT_OBJC_ISA_USAGE = YES_ERROR;
				CLANG_WARN_DOCUMENTATION_COMMENTS = YES;
				CLANG_WARN_EMPTY_BODY = YES;
				CLANG_WARN_ENUM_CONVERSION = YES;
				CLANG_WARN_INFINITE_RECURSION = YES;
				CLANG_WARN_INT_CONVERSION = YES;
				CLANG_WARN_NON_LITERAL_NULL_CONVERSION = YES;
				CLANG_WARN_OBJC_IMPLICIT_RETAIN_SELF = YES;
				CLANG_WARN_OBJC_LITERAL_CONVERSION = YES;
				CLANG_WARN_OBJC_ROOT_CLASS = YES_ERROR;
				CLANG_WARN_QUOTED_INCLUDE_IN_FRAMEWORK_HEADER = YES;
				CLANG_WARN_RANGE_LOOP_ANALYSIS = YES;
				CLANG_WARN_STRICT_PROTOTYPES = YES;
				CLANG_WARN_SUSPICIOUS_MOVE = YES;
				CLANG_WARN_UNGUARDED_AVAILABILITY = YES_AGGRESSIVE;
				CLANG_WARN_UNREACHABLE_CODE = YES;
				CLANG_WARN__DUPLICATE_METHOD_MATCH = YES;
				COPY_PHASE_STRIP = NO;
				DEBUG_INFORMATION_FORMAT = dwarf;
				ENABLE_STRICT_OBJC_MSGSEND = YES;
				ENABLE_TESTABILITY = YES;
				ENABLE_USER_SCRIPT_SANDBOXING = YES;
				GCC_C_LANGUAGE_STANDARD = gnu17;
				GCC_DYNAMIC_NO_PIC = NO;
				GCC_NO_COMMON_BLOCKS = YES;
				GCC_OPTIMIZATION_LEVEL = 0;
				GCC_PREPROCESSOR_DEFINITIONS = (
					"DEBUG=1",
					"$(inherited)",
				);
				GCC_WARN_64_TO_32_BIT_CONVERSION = YES;
				GCC_WARN_ABOUT_RETURN_TYPE = YES_ERROR;
				GCC_WARN_UNDECLARED_SELECTOR = YES;
				GCC_WARN_UNINITIALIZED_AUTOS = YES_AGGRESSIVE;
				GCC_WARN_UNUSED_FUNCTION = YES;
				GCC_WARN_UNUSED_VARIABLE = YES;
				IPHONEOS_DEPLOYMENT_TARGET = 17.5;
				LOCALIZATION_PREFERS_STRING_CATALOGS = YES;
				MTL_ENABLE_DEBUG_INFO = INCLUDE_SOURCE;
				MTL_FAST_MATH = YES;
				ONLY_ACTIVE_ARCH = YES;
				SDKROOT = iphoneos;
				SWIFT_ACTIVE_COMPILATION_CONDITIONS = "DEBUG $(inherited)";
				SWIFT_OPTIMIZATION_LEVEL = "-Onone";
			};
			name = Debug;
		};
		2585D7682C722E4F0081DF08 /* Release */ = {
			isa = XCBuildConfiguration;
			buildSettings = {
				ALWAYS_SEARCH_USER_PATHS = NO;
				ASSETCATALOG_COMPILER_GENERATE_SWIFT_ASSET_SYMBOL_EXTENSIONS = YES;
				CLANG_ANALYZER_NONNULL = YES;
				CLANG_ANALYZER_NUMBER_OBJECT_CONVERSION = YES_AGGRESSIVE;
				CLANG_CXX_LANGUAGE_STANDARD = "gnu++20";
				CLANG_ENABLE_MODULES = YES;
				CLANG_ENABLE_OBJC_ARC = YES;
				CLANG_ENABLE_OBJC_WEAK = YES;
				CLANG_WARN_BLOCK_CAPTURE_AUTORELEASING = YES;
				CLANG_WARN_BOOL_CONVERSION = YES;
				CLANG_WARN_COMMA = YES;
				CLANG_WARN_CONSTANT_CONVERSION = YES;
				CLANG_WARN_DEPRECATED_OBJC_IMPLEMENTATIONS = YES;
				CLANG_WARN_DIRECT_OBJC_ISA_USAGE = YES_ERROR;
				CLANG_WARN_DOCUMENTATION_COMMENTS = YES;
				CLANG_WARN_EMPTY_BODY = YES;
				CLANG_WARN_ENUM_CONVERSION = YES;
				CLANG_WARN_INFINITE_RECURSION = YES;
				CLANG_WARN_INT_CONVERSION = YES;
				CLANG_WARN_NON_LITERAL_NULL_CONVERSION = YES;
				CLANG_WARN_OBJC_IMPLICIT_RETAIN_SELF = YES;
				CLANG_WARN_OBJC_LITERAL_CONVERSION = YES;
				CLANG_WARN_OBJC_ROOT_CLASS = YES_ERROR;
				CLANG_WARN_QUOTED_INCLUDE_IN_FRAMEWORK_HEADER = YES;
				CLANG_WARN_RANGE_LOOP_ANALYSIS = YES;
				CLANG_WARN_STRICT_PROTOTYPES = YES;
				CLANG_WARN_SUSPICIOUS_MOVE = YES;
				CLANG_WARN_UNGUARDED_AVAILABILITY = YES_AGGRESSIVE;
				CLANG_WARN_UNREACHABLE_CODE = YES;
				CLANG_WARN__DUPLICATE_METHOD_MATCH = YES;
				COPY_PHASE_STRIP = NO;
				DEBUG_INFORMATION_FORMAT = "dwarf-with-dsym";
				ENABLE_NS_ASSERTIONS = NO;
				ENABLE_STRICT_OBJC_MSGSEND = YES;
				ENABLE_USER_SCRIPT_SANDBOXING = YES;
				GCC_C_LANGUAGE_STANDARD = gnu17;
				GCC_NO_COMMON_BLOCKS = YES;
				GCC_WARN_64_TO_32_BIT_CONVERSION = YES;
				GCC_WARN_ABOUT_RETURN_TYPE = YES_ERROR;
				GCC_WARN_UNDECLARED_SELECTOR = YES;
				GCC_WARN_UNINITIALIZED_AUTOS = YES_AGGRESSIVE;
				GCC_WARN_UNUSED_FUNCTION = YES;
				GCC_WARN_UNUSED_VARIABLE = YES;
				IPHONEOS_DEPLOYMENT_TARGET = 17.5;
				LOCALIZATION_PREFERS_STRING_CATALOGS = YES;
				MTL_ENABLE_DEBUG_INFO = NO;
				MTL_FAST_MATH = YES;
				SDKROOT = iphoneos;
				SWIFT_COMPILATION_MODE = wholemodule;
				VALIDATE_PRODUCT = YES;
			};
			name = Release;
		};
		2585D76A2C722E4F0081DF08 /* Debug */ = {
			isa = XCBuildConfiguration;
			baseConfigurationReference = FD209417FF1BDFFF6C69ED74 /* Pods-slack-app.debug.xcconfig */;
			buildSettings = {
				ASSETCATALOG_COMPILER_APPICON_NAME = AppIcon;
				ASSETCATALOG_COMPILER_GLOBAL_ACCENT_COLOR_NAME = AccentColor;
				CODE_SIGN_STYLE = Automatic;
				CURRENT_PROJECT_VERSION = 1;
				DEVELOPMENT_ASSET_PATHS = "\"slack-app/Preview Content\"";
				DEVELOPMENT_TEAM = HYZ6VD6G8J;
				ENABLE_PREVIEWS = YES;
				GENERATE_INFOPLIST_FILE = YES;
				INFOPLIST_KEY_UIApplicationSceneManifest_Generation = YES;
				INFOPLIST_KEY_UIApplicationSupportsIndirectInputEvents = YES;
				INFOPLIST_KEY_UILaunchScreen_Generation = YES;
				INFOPLIST_KEY_UISupportedInterfaceOrientations_iPad = "UIInterfaceOrientationPortrait UIInterfaceOrientationPortraitUpsideDown UIInterfaceOrientationLandscapeLeft UIInterfaceOrientationLandscapeRight";
				INFOPLIST_KEY_UISupportedInterfaceOrientations_iPhone = "UIInterfaceOrientationPortrait UIInterfaceOrientationLandscapeLeft UIInterfaceOrientationLandscapeRight";
				LD_RUNPATH_SEARCH_PATHS = (
					"$(inherited)",
					"@executable_path/Frameworks",
				);
				MARKETING_VERSION = 1.0;
				PRODUCT_BUNDLE_IDENTIFIER = "jp.eijikudo.slack-app";
				PRODUCT_NAME = "$(TARGET_NAME)";
				SWIFT_EMIT_LOC_STRINGS = YES;
				SWIFT_VERSION = 5.0;
				TARGETED_DEVICE_FAMILY = "1,2";
			};
			name = Debug;
		};
		2585D76B2C722E4F0081DF08 /* Release */ = {
			isa = XCBuildConfiguration;
			baseConfigurationReference = 904C68AB6DF763D3CDA6AC6D /* Pods-slack-app.release.xcconfig */;
			buildSettings = {
				ASSETCATALOG_COMPILER_APPICON_NAME = AppIcon;
				ASSETCATALOG_COMPILER_GLOBAL_ACCENT_COLOR_NAME = AccentColor;
				CODE_SIGN_STYLE = Automatic;
				CURRENT_PROJECT_VERSION = 1;
				DEVELOPMENT_ASSET_PATHS = "\"slack-app/Preview Content\"";
				DEVELOPMENT_TEAM = HYZ6VD6G8J;
				ENABLE_PREVIEWS = YES;
				GENERATE_INFOPLIST_FILE = YES;
				INFOPLIST_KEY_UIApplicationSceneManifest_Generation = YES;
				INFOPLIST_KEY_UIApplicationSupportsIndirectInputEvents = YES;
				INFOPLIST_KEY_UILaunchScreen_Generation = YES;
				INFOPLIST_KEY_UISupportedInterfaceOrientations_iPad = "UIInterfaceOrientationPortrait UIInterfaceOrientationPortraitUpsideDown UIInterfaceOrientationLandscapeLeft UIInterfaceOrientationLandscapeRight";
				INFOPLIST_KEY_UISupportedInterfaceOrientations_iPhone = "UIInterfaceOrientationPortrait UIInterfaceOrientationLandscapeLeft UIInterfaceOrientationLandscapeRight";
				LD_RUNPATH_SEARCH_PATHS = (
					"$(inherited)",
					"@executable_path/Frameworks",
				);
				MARKETING_VERSION = 1.0;
				PRODUCT_BUNDLE_IDENTIFIER = "jp.eijikudo.slack-app";
				PRODUCT_NAME = "$(TARGET_NAME)";
				SWIFT_EMIT_LOC_STRINGS = YES;
				SWIFT_VERSION = 5.0;
				TARGETED_DEVICE_FAMILY = "1,2";
			};
			name = Release;
		};
		2585D76D2C722E4F0081DF08 /* Debug */ = {
			isa = XCBuildConfiguration;
			buildSettings = {
				ALWAYS_EMBED_SWIFT_STANDARD_LIBRARIES = YES;
				BUNDLE_LOADER = "$(TEST_HOST)";
				CODE_SIGN_STYLE = Automatic;
				CURRENT_PROJECT_VERSION = 1;
				DEVELOPMENT_TEAM = HYZ6VD6G8J;
				GENERATE_INFOPLIST_FILE = YES;
				IPHONEOS_DEPLOYMENT_TARGET = 17.5;
				MARKETING_VERSION = 1.0;
				PRODUCT_BUNDLE_IDENTIFIER = "jp.eijikudo.slack-appTests";
				PRODUCT_NAME = "$(TARGET_NAME)";
				SWIFT_EMIT_LOC_STRINGS = NO;
				SWIFT_VERSION = 5.0;
				TARGETED_DEVICE_FAMILY = "1,2";
				TEST_HOST = "$(BUILT_PRODUCTS_DIR)/slack-app.app/$(BUNDLE_EXECUTABLE_FOLDER_PATH)/slack-app";
			};
			name = Debug;
		};
		2585D76E2C722E4F0081DF08 /* Release */ = {
			isa = XCBuildConfiguration;
			buildSettings = {
				ALWAYS_EMBED_SWIFT_STANDARD_LIBRARIES = YES;
				BUNDLE_LOADER = "$(TEST_HOST)";
				CODE_SIGN_STYLE = Automatic;
				CURRENT_PROJECT_VERSION = 1;
				DEVELOPMENT_TEAM = HYZ6VD6G8J;
				GENERATE_INFOPLIST_FILE = YES;
				IPHONEOS_DEPLOYMENT_TARGET = 17.5;
				MARKETING_VERSION = 1.0;
				PRODUCT_BUNDLE_IDENTIFIER = "jp.eijikudo.slack-appTests";
				PRODUCT_NAME = "$(TARGET_NAME)";
				SWIFT_EMIT_LOC_STRINGS = NO;
				SWIFT_VERSION = 5.0;
				TARGETED_DEVICE_FAMILY = "1,2";
				TEST_HOST = "$(BUILT_PRODUCTS_DIR)/slack-app.app/$(BUNDLE_EXECUTABLE_FOLDER_PATH)/slack-app";
			};
			name = Release;
		};
		2585D7702C722E4F0081DF08 /* Debug */ = {
			isa = XCBuildConfiguration;
			buildSettings = {
				ALWAYS_EMBED_SWIFT_STANDARD_LIBRARIES = YES;
				CODE_SIGN_STYLE = Automatic;
				CURRENT_PROJECT_VERSION = 1;
				DEVELOPMENT_TEAM = HYZ6VD6G8J;
				GENERATE_INFOPLIST_FILE = YES;
				MARKETING_VERSION = 1.0;
				PRODUCT_BUNDLE_IDENTIFIER = "jp.eijikudo.slack-appUITests";
				PRODUCT_NAME = "$(TARGET_NAME)";
				SWIFT_EMIT_LOC_STRINGS = NO;
				SWIFT_VERSION = 5.0;
				TARGETED_DEVICE_FAMILY = "1,2";
				TEST_TARGET_NAME = "slack-app";
			};
			name = Debug;
		};
		2585D7712C722E4F0081DF08 /* Release */ = {
			isa = XCBuildConfiguration;
			buildSettings = {
				ALWAYS_EMBED_SWIFT_STANDARD_LIBRARIES = YES;
				CODE_SIGN_STYLE = Automatic;
				CURRENT_PROJECT_VERSION = 1;
				DEVELOPMENT_TEAM = HYZ6VD6G8J;
				GENERATE_INFOPLIST_FILE = YES;
				MARKETING_VERSION = 1.0;
				PRODUCT_BUNDLE_IDENTIFIER = "jp.eijikudo.slack-appUITests";
				PRODUCT_NAME = "$(TARGET_NAME)";
				SWIFT_EMIT_LOC_STRINGS = NO;
				SWIFT_VERSION = 5.0;
				TARGETED_DEVICE_FAMILY = "1,2";
				TEST_TARGET_NAME = "slack-app";
			};
			name = Release;
		};
/* End XCBuildConfiguration section */

/* Begin XCConfigurationList section */
		2585D7402C722E4E0081DF08 /* Build configuration list for PBXProject "slack-app" */ = {
			isa = XCConfigurationList;
			buildConfigurations = (
				2585D7672C722E4F0081DF08 /* Debug */,
				2585D7682C722E4F0081DF08 /* Release */,
			);
			defaultConfigurationIsVisible = 0;
			defaultConfigurationName = Release;
		};
		2585D7692C722E4F0081DF08 /* Build configuration list for PBXNativeTarget "slack-app" */ = {
			isa = XCConfigurationList;
			buildConfigurations = (
				2585D76A2C722E4F0081DF08 /* Debug */,
				2585D76B2C722E4F0081DF08 /* Release */,
			);
			defaultConfigurationIsVisible = 0;
			defaultConfigurationName = Release;
		};
		2585D76C2C722E4F0081DF08 /* Build configuration list for PBXNativeTarget "slack-appTests" */ = {
			isa = XCConfigurationList;
			buildConfigurations = (
				2585D76D2C722E4F0081DF08 /* Debug */,
				2585D76E2C722E4F0081DF08 /* Release */,
			);
			defaultConfigurationIsVisible = 0;
			defaultConfigurationName = Release;
		};
		2585D76F2C722E4F0081DF08 /* Build configuration list for PBXNativeTarget "slack-appUITests" */ = {
			isa = XCConfigurationList;
			buildConfigurations = (
				2585D7702C722E4F0081DF08 /* Debug */,
				2585D7712C722E4F0081DF08 /* Release */,
			);
			defaultConfigurationIsVisible = 0;
			defaultConfigurationName = Release;
		};
/* End XCConfigurationList section */
	};
	rootObject = 2585D73D2C722E4E0081DF08 /* Project object */;
}
